// !$*UTF8*$!
{
	archiveVersion = 1;
	classes = {
	};
	objectVersion = 46;
	objects = {

/* Begin PBXBuildFile section */
		18AD0CFD1E8E8ACC00F8C7A4 /* Sha256.m in Sources */ = {isa = PBXBuildFile; fileRef = 18AD0CFC1E8E8ACC00F8C7A4 /* Sha256.m */; };
		18ADE4331E8E96C300F983E5 /* LoginsModel.m in Sources */ = {isa = PBXBuildFile; fileRef = 18ADE4321E8E96C300F983E5 /* LoginsModel.m */; };
		18ADE4351E8E995800F983E5 /* TableStoryboard.storyboard in Resources */ = {isa = PBXBuildFile; fileRef = 18ADE4341E8E995800F983E5 /* TableStoryboard.storyboard */; };
		18ADE4381E8E9C5E00F983E5 /* SearchCell.m in Sources */ = {isa = PBXBuildFile; fileRef = 18ADE4371E8E9C5E00F983E5 /* SearchCell.m */; };
		18ADE43B1E8EA18400F983E5 /* LoginCell.m in Sources */ = {isa = PBXBuildFile; fileRef = 18ADE43A1E8EA18400F983E5 /* LoginCell.m */; };
		18ADE43E1E8EA3D300F983E5 /* LoginController.m in Sources */ = {isa = PBXBuildFile; fileRef = 18ADE43D1E8EA3D300F983E5 /* LoginController.m */; };
		18DCA0781E8F2F3C003CA7B8 /* PasswdController.m in Sources */ = {isa = PBXBuildFile; fileRef = 18DCA0771E8F2F3C003CA7B8 /* PasswdController.m */; };
		639C48EF1E8E4F010073E53D /* main.m in Sources */ = {isa = PBXBuildFile; fileRef = 639C48EE1E8E4F010073E53D /* main.m */; };
		639C48F21E8E4F010073E53D /* AppDelegate.m in Sources */ = {isa = PBXBuildFile; fileRef = 639C48F11E8E4F010073E53D /* AppDelegate.m */; };
		639C48F51E8E4F010073E53D /* ViewController.m in Sources */ = {isa = PBXBuildFile; fileRef = 639C48F41E8E4F010073E53D /* ViewController.m */; };
		639C48F81E8E4F010073E53D /* Main.storyboard in Resources */ = {isa = PBXBuildFile; fileRef = 639C48F61E8E4F010073E53D /* Main.storyboard */; };
		639C48FB1E8E4F010073E53D /* hackatonFinal.xcdatamodeld in Sources */ = {isa = PBXBuildFile; fileRef = 639C48F91E8E4F010073E53D /* hackatonFinal.xcdatamodeld */; };
		639C48FD1E8E4F010073E53D /* Assets.xcassets in Resources */ = {isa = PBXBuildFile; fileRef = 639C48FC1E8E4F010073E53D /* Assets.xcassets */; };
		639C49001E8E4F010073E53D /* LaunchScreen.storyboard in Resources */ = {isa = PBXBuildFile; fileRef = 639C48FE1E8E4F010073E53D /* LaunchScreen.storyboard */; };
		639C49091E8E7F9C0073E53D /* MyTouchModel.m in Sources */ = {isa = PBXBuildFile; fileRef = 639C49081E8E7F9C0073E53D /* MyTouchModel.m */; };
		639C490C1E8E7FCF0073E53D /* MyTouchVC.m in Sources */ = {isa = PBXBuildFile; fileRef = 639C490B1E8E7FCF0073E53D /* MyTouchVC.m */; };
		639C490E1E8E7FEE0073E53D /* MyTouchStoryboard.storyboard in Resources */ = {isa = PBXBuildFile; fileRef = 639C490D1E8E7FEE0073E53D /* MyTouchStoryboard.storyboard */; };
		639C49121E8E86410073E53D /* LocalAuthentication.framework in Frameworks */ = {isa = PBXBuildFile; fileRef = 639C49111E8E86410073E53D /* LocalAuthentication.framework */; };
		D3890AD31E8E96D50038E7EB /* login.storyboard in Resources */ = {isa = PBXBuildFile; fileRef = D3890AD21E8E96D50038E7EB /* login.storyboard */; };
		D3890AD81E8E96F70038E7EB /* ISLoginVC.m in Sources */ = {isa = PBXBuildFile; fileRef = D3890AD51E8E96F70038E7EB /* ISLoginVC.m */; };
		D3890AD91E8E96F70038E7EB /* ISRegVC.m in Sources */ = {isa = PBXBuildFile; fileRef = D3890AD71E8E96F70038E7EB /* ISRegVC.m */; };
		D3890ADD1E8EA4EC0038E7EB /* ISUser.m in Sources */ = {isa = PBXBuildFile; fileRef = D3890ADC1E8EA4EC0038E7EB /* ISUser.m */; };
		D3F5E36D1E8EC3F500DC9C5B /* KeychainWrapper.m in Sources */ = {isa = PBXBuildFile; fileRef = D3F5E36C1E8EC3F500DC9C5B /* KeychainWrapper.m */; };
		D3F5E3711E8EDE6100DC9C5B /* Keychain.m in Sources */ = {isa = PBXBuildFile; fileRef = D3F5E3701E8EDE6100DC9C5B /* Keychain.m */; };
		F5878CEF1E8F03D400AA7D83 /* MSCollectionLayout.m in Sources */ = {isa = PBXBuildFile; fileRef = F5878CEB1E8F03D400AA7D83 /* MSCollectionLayout.m */; };
		F5878CF01E8F03D400AA7D83 /* MSCollectionStoryboard.storyboard in Resources */ = {isa = PBXBuildFile; fileRef = F5878CEC1E8F03D400AA7D83 /* MSCollectionStoryboard.storyboard */; };
		F5878CF11E8F03D400AA7D83 /* MSCollectionVC.m in Sources */ = {isa = PBXBuildFile; fileRef = F5878CEE1E8F03D400AA7D83 /* MSCollectionVC.m */; };
		F5878CF41E8F0A1300AA7D83 /* MSCollectionViewCell.m in Sources */ = {isa = PBXBuildFile; fileRef = F5878CF31E8F0A1300AA7D83 /* MSCollectionViewCell.m */; };
		F5878CFB1E8F0E8F00AA7D83 /* WeAddImagesStoryboard.storyboard in Resources */ = {isa = PBXBuildFile; fileRef = F5878CF81E8F0E8F00AA7D83 /* WeAddImagesStoryboard.storyboard */; };
		F5878CFC1E8F0E8F00AA7D83 /* WeAddImagesViewController.m in Sources */ = {isa = PBXBuildFile; fileRef = F5878CFA1E8F0E8F00AA7D83 /* WeAddImagesViewController.m */; };
/* End PBXBuildFile section */

/* Begin PBXFileReference section */
		18AD0CFB1E8E8ACC00F8C7A4 /* Sha256.h */ = {isa = PBXFileReference; fileEncoding = 4; lastKnownFileType = sourcecode.c.h; path = Sha256.h; sourceTree = "<group>"; };
		18AD0CFC1E8E8ACC00F8C7A4 /* Sha256.m */ = {isa = PBXFileReference; fileEncoding = 4; lastKnownFileType = sourcecode.c.objc; path = Sha256.m; sourceTree = "<group>"; };
		18ADE4311E8E96C300F983E5 /* LoginsModel.h */ = {isa = PBXFileReference; fileEncoding = 4; lastKnownFileType = sourcecode.c.h; path = LoginsModel.h; sourceTree = "<group>"; };
		18ADE4321E8E96C300F983E5 /* LoginsModel.m */ = {isa = PBXFileReference; fileEncoding = 4; lastKnownFileType = sourcecode.c.objc; path = LoginsModel.m; sourceTree = "<group>"; };
		18ADE4341E8E995800F983E5 /* TableStoryboard.storyboard */ = {isa = PBXFileReference; fileEncoding = 4; lastKnownFileType = file.storyboard; path = TableStoryboard.storyboard; sourceTree = "<group>"; };
		18ADE4361E8E9C5E00F983E5 /* SearchCell.h */ = {isa = PBXFileReference; fileEncoding = 4; lastKnownFileType = sourcecode.c.h; path = SearchCell.h; sourceTree = "<group>"; };
		18ADE4371E8E9C5E00F983E5 /* SearchCell.m */ = {isa = PBXFileReference; fileEncoding = 4; lastKnownFileType = sourcecode.c.objc; path = SearchCell.m; sourceTree = "<group>"; };
		18ADE4391E8EA18400F983E5 /* LoginCell.h */ = {isa = PBXFileReference; fileEncoding = 4; lastKnownFileType = sourcecode.c.h; path = LoginCell.h; sourceTree = "<group>"; };
		18ADE43A1E8EA18400F983E5 /* LoginCell.m */ = {isa = PBXFileReference; fileEncoding = 4; lastKnownFileType = sourcecode.c.objc; path = LoginCell.m; sourceTree = "<group>"; };
		18ADE43C1E8EA3D300F983E5 /* LoginController.h */ = {isa = PBXFileReference; fileEncoding = 4; lastKnownFileType = sourcecode.c.h; path = LoginController.h; sourceTree = "<group>"; };
		18ADE43D1E8EA3D300F983E5 /* LoginController.m */ = {isa = PBXFileReference; fileEncoding = 4; lastKnownFileType = sourcecode.c.objc; path = LoginController.m; sourceTree = "<group>"; };
		18DCA0761E8F2F3C003CA7B8 /* PasswdController.h */ = {isa = PBXFileReference; fileEncoding = 4; lastKnownFileType = sourcecode.c.h; path = PasswdController.h; sourceTree = "<group>"; };
		18DCA0771E8F2F3C003CA7B8 /* PasswdController.m */ = {isa = PBXFileReference; fileEncoding = 4; lastKnownFileType = sourcecode.c.objc; path = PasswdController.m; sourceTree = "<group>"; };
		639C48EA1E8E4F010073E53D /* hackatonFinal.app */ = {isa = PBXFileReference; explicitFileType = wrapper.application; includeInIndex = 0; path = hackatonFinal.app; sourceTree = BUILT_PRODUCTS_DIR; };
		639C48EE1E8E4F010073E53D /* main.m */ = {isa = PBXFileReference; lastKnownFileType = sourcecode.c.objc; path = main.m; sourceTree = "<group>"; };
		639C48F01E8E4F010073E53D /* AppDelegate.h */ = {isa = PBXFileReference; lastKnownFileType = sourcecode.c.h; path = AppDelegate.h; sourceTree = "<group>"; };
		639C48F11E8E4F010073E53D /* AppDelegate.m */ = {isa = PBXFileReference; lastKnownFileType = sourcecode.c.objc; path = AppDelegate.m; sourceTree = "<group>"; };
		639C48F31E8E4F010073E53D /* ViewController.h */ = {isa = PBXFileReference; lastKnownFileType = sourcecode.c.h; path = ViewController.h; sourceTree = "<group>"; };
		639C48F41E8E4F010073E53D /* ViewController.m */ = {isa = PBXFileReference; lastKnownFileType = sourcecode.c.objc; path = ViewController.m; sourceTree = "<group>"; };
		639C48F71E8E4F010073E53D /* Base */ = {isa = PBXFileReference; lastKnownFileType = file.storyboard; name = Base; path = Base.lproj/Main.storyboard; sourceTree = "<group>"; };
		639C48FA1E8E4F010073E53D /* hackatonFinal.xcdatamodel */ = {isa = PBXFileReference; lastKnownFileType = wrapper.xcdatamodel; path = hackatonFinal.xcdatamodel; sourceTree = "<group>"; };
		639C48FC1E8E4F010073E53D /* Assets.xcassets */ = {isa = PBXFileReference; lastKnownFileType = folder.assetcatalog; path = Assets.xcassets; sourceTree = "<group>"; };
		639C48FF1E8E4F010073E53D /* Base */ = {isa = PBXFileReference; lastKnownFileType = file.storyboard; name = Base; path = Base.lproj/LaunchScreen.storyboard; sourceTree = "<group>"; };
		639C49011E8E4F010073E53D /* Info.plist */ = {isa = PBXFileReference; lastKnownFileType = text.plist.xml; path = Info.plist; sourceTree = "<group>"; };
		639C49071E8E7F9C0073E53D /* MyTouchModel.h */ = {isa = PBXFileReference; fileEncoding = 4; lastKnownFileType = sourcecode.c.h; path = MyTouchModel.h; sourceTree = "<group>"; };
		639C49081E8E7F9C0073E53D /* MyTouchModel.m */ = {isa = PBXFileReference; fileEncoding = 4; lastKnownFileType = sourcecode.c.objc; path = MyTouchModel.m; sourceTree = "<group>"; };
		639C490A1E8E7FCF0073E53D /* MyTouchVC.h */ = {isa = PBXFileReference; fileEncoding = 4; lastKnownFileType = sourcecode.c.h; path = MyTouchVC.h; sourceTree = "<group>"; };
		639C490B1E8E7FCF0073E53D /* MyTouchVC.m */ = {isa = PBXFileReference; fileEncoding = 4; lastKnownFileType = sourcecode.c.objc; path = MyTouchVC.m; sourceTree = "<group>"; };
		639C490D1E8E7FEE0073E53D /* MyTouchStoryboard.storyboard */ = {isa = PBXFileReference; fileEncoding = 4; lastKnownFileType = file.storyboard; path = MyTouchStoryboard.storyboard; sourceTree = "<group>"; };
		639C49111E8E86410073E53D /* LocalAuthentication.framework */ = {isa = PBXFileReference; lastKnownFileType = wrapper.framework; name = LocalAuthentication.framework; path = System/Library/Frameworks/LocalAuthentication.framework; sourceTree = SDKROOT; };
		D3890AD21E8E96D50038E7EB /* login.storyboard */ = {isa = PBXFileReference; fileEncoding = 4; lastKnownFileType = file.storyboard; path = login.storyboard; sourceTree = "<group>"; };
		D3890AD41E8E96F70038E7EB /* ISLoginVC.h */ = {isa = PBXFileReference; fileEncoding = 4; lastKnownFileType = sourcecode.c.h; path = ISLoginVC.h; sourceTree = "<group>"; };
		D3890AD51E8E96F70038E7EB /* ISLoginVC.m */ = {isa = PBXFileReference; fileEncoding = 4; lastKnownFileType = sourcecode.c.objc; path = ISLoginVC.m; sourceTree = "<group>"; };
		D3890AD61E8E96F70038E7EB /* ISRegVC.h */ = {isa = PBXFileReference; fileEncoding = 4; lastKnownFileType = sourcecode.c.h; path = ISRegVC.h; sourceTree = "<group>"; };
		D3890AD71E8E96F70038E7EB /* ISRegVC.m */ = {isa = PBXFileReference; fileEncoding = 4; lastKnownFileType = sourcecode.c.objc; path = ISRegVC.m; sourceTree = "<group>"; };
		D3890ADB1E8EA4EC0038E7EB /* ISUser.h */ = {isa = PBXFileReference; fileEncoding = 4; lastKnownFileType = sourcecode.c.h; name = ISUser.h; path = ../ISUser.h; sourceTree = "<group>"; };
		D3890ADC1E8EA4EC0038E7EB /* ISUser.m */ = {isa = PBXFileReference; fileEncoding = 4; lastKnownFileType = sourcecode.c.objc; name = ISUser.m; path = ../ISUser.m; sourceTree = "<group>"; };
		D3F5E36B1E8EC3F500DC9C5B /* KeychainWrapper.h */ = {isa = PBXFileReference; fileEncoding = 4; lastKnownFileType = sourcecode.c.h; path = KeychainWrapper.h; sourceTree = "<group>"; };
		D3F5E36C1E8EC3F500DC9C5B /* KeychainWrapper.m */ = {isa = PBXFileReference; fileEncoding = 4; lastKnownFileType = sourcecode.c.objc; path = KeychainWrapper.m; sourceTree = "<group>"; };
		D3F5E36F1E8EDE6100DC9C5B /* Keychain.h */ = {isa = PBXFileReference; fileEncoding = 4; lastKnownFileType = sourcecode.c.h; path = Keychain.h; sourceTree = "<group>"; };
		D3F5E3701E8EDE6100DC9C5B /* Keychain.m */ = {isa = PBXFileReference; fileEncoding = 4; lastKnownFileType = sourcecode.c.objc; path = Keychain.m; sourceTree = "<group>"; };
		F5878CEA1E8F03D400AA7D83 /* MSCollectionLayout.h */ = {isa = PBXFileReference; fileEncoding = 4; lastKnownFileType = sourcecode.c.h; path = MSCollectionLayout.h; sourceTree = "<group>"; };
		F5878CEB1E8F03D400AA7D83 /* MSCollectionLayout.m */ = {isa = PBXFileReference; fileEncoding = 4; lastKnownFileType = sourcecode.c.objc; path = MSCollectionLayout.m; sourceTree = "<group>"; };
		F5878CEC1E8F03D400AA7D83 /* MSCollectionStoryboard.storyboard */ = {isa = PBXFileReference; fileEncoding = 4; lastKnownFileType = file.storyboard; path = MSCollectionStoryboard.storyboard; sourceTree = "<group>"; };
		F5878CED1E8F03D400AA7D83 /* MSCollectionVC.h */ = {isa = PBXFileReference; fileEncoding = 4; lastKnownFileType = sourcecode.c.h; path = MSCollectionVC.h; sourceTree = "<group>"; };
		F5878CEE1E8F03D400AA7D83 /* MSCollectionVC.m */ = {isa = PBXFileReference; fileEncoding = 4; lastKnownFileType = sourcecode.c.objc; path = MSCollectionVC.m; sourceTree = "<group>"; };
		F5878CF21E8F0A1300AA7D83 /* MSCollectionViewCell.h */ = {isa = PBXFileReference; fileEncoding = 4; lastKnownFileType = sourcecode.c.h; name = MSCollectionViewCell.h; path = CollectionVC/MSCollectionViewCell.h; sourceTree = "<group>"; };
		F5878CF31E8F0A1300AA7D83 /* MSCollectionViewCell.m */ = {isa = PBXFileReference; fileEncoding = 4; lastKnownFileType = sourcecode.c.objc; name = MSCollectionViewCell.m; path = CollectionVC/MSCollectionViewCell.m; sourceTree = "<group>"; };
		F5878CF81E8F0E8F00AA7D83 /* WeAddImagesStoryboard.storyboard */ = {isa = PBXFileReference; fileEncoding = 4; lastKnownFileType = file.storyboard; name = WeAddImagesStoryboard.storyboard; path = WeAddImages/WeAddImagesStoryboard.storyboard; sourceTree = "<group>"; };
		F5878CF91E8F0E8F00AA7D83 /* WeAddImagesViewController.h */ = {isa = PBXFileReference; fileEncoding = 4; lastKnownFileType = sourcecode.c.h; name = WeAddImagesViewController.h; path = WeAddImages/WeAddImagesViewController.h; sourceTree = "<group>"; };
		F5878CFA1E8F0E8F00AA7D83 /* WeAddImagesViewController.m */ = {isa = PBXFileReference; fileEncoding = 4; lastKnownFileType = sourcecode.c.objc; name = WeAddImagesViewController.m; path = WeAddImages/WeAddImagesViewController.m; sourceTree = "<group>"; };
/* End PBXFileReference section */

/* Begin PBXFrameworksBuildPhase section */
		639C48E71E8E4F000073E53D /* Frameworks */ = {
			isa = PBXFrameworksBuildPhase;
			buildActionMask = 2147483647;
			files = (
				639C49121E8E86410073E53D /* LocalAuthentication.framework in Frameworks */,
			);
			runOnlyForDeploymentPostprocessing = 0;
		};
/* End PBXFrameworksBuildPhase section */

/* Begin PBXGroup section */
		18AD0CFA1E8E8A2700F8C7A4 /* sha256 */ = {
			isa = PBXGroup;
			children = (
				18AD0CFB1E8E8ACC00F8C7A4 /* Sha256.h */,
				18AD0CFC1E8E8ACC00F8C7A4 /* Sha256.m */,
			);
			name = sha256;
			path = Sha256;
			sourceTree = "<group>";
		};
		18ADE42F1E8E943E00F983E5 /* LoginTable */ = {
			isa = PBXGroup;
			children = (
				18ADE4341E8E995800F983E5 /* TableStoryboard.storyboard */,
				18ADE4361E8E9C5E00F983E5 /* SearchCell.h */,
				18ADE4371E8E9C5E00F983E5 /* SearchCell.m */,
				18ADE4391E8EA18400F983E5 /* LoginCell.h */,
				18ADE43A1E8EA18400F983E5 /* LoginCell.m */,
				18ADE43C1E8EA3D300F983E5 /* LoginController.h */,
				18ADE43D1E8EA3D300F983E5 /* LoginController.m */,
				18DCA0761E8F2F3C003CA7B8 /* PasswdController.h */,
				18DCA0771E8F2F3C003CA7B8 /* PasswdController.m */,
			);
			path = LoginTable;
			sourceTree = "<group>";
		};
		18ADE4301E8E947000F983E5 /* models */ = {
			isa = PBXGroup;
			children = (
				18ADE4311E8E96C300F983E5 /* LoginsModel.h */,
				18ADE4321E8E96C300F983E5 /* LoginsModel.m */,
				D3890ADB1E8EA4EC0038E7EB /* ISUser.h */,
				D3890ADC1E8EA4EC0038E7EB /* ISUser.m */,
			);
			path = models;
			sourceTree = "<group>";
		};
		639C48E11E8E4F000073E53D = {
			isa = PBXGroup;
			children = (
				639C48EC1E8E4F010073E53D /* hackatonFinal */,
				639C48EB1E8E4F010073E53D /* Products */,
				639C49101E8E86410073E53D /* Frameworks */,
			);
			sourceTree = "<group>";
		};
		639C48EB1E8E4F010073E53D /* Products */ = {
			isa = PBXGroup;
			children = (
				639C48EA1E8E4F010073E53D /* hackatonFinal.app */,
			);
			name = Products;
			sourceTree = "<group>";
		};
		639C48EC1E8E4F010073E53D /* hackatonFinal */ = {
			isa = PBXGroup;
			children = (
				F5878CF51E8F0E2B00AA7D83 /* WeAddImages */,
				F5878CE91E8F039200AA7D83 /* CollectionVC */,
				18ADE4301E8E947000F983E5 /* models */,
				18ADE42F1E8E943E00F983E5 /* LoginTable */,
				18AD0CFA1E8E8A2700F8C7A4 /* sha256 */,
				639C48F01E8E4F010073E53D /* AppDelegate.h */,
				D3890ADA1E8E97060038E7EB /* login */,
				639C48F11E8E4F010073E53D /* AppDelegate.m */,
				639C48F31E8E4F010073E53D /* ViewController.h */,
				639C48F41E8E4F010073E53D /* ViewController.m */,
				639C48F61E8E4F010073E53D /* Main.storyboard */,
				639C48FC1E8E4F010073E53D /* Assets.xcassets */,
				639C48FE1E8E4F010073E53D /* LaunchScreen.storyboard */,
				639C49011E8E4F010073E53D /* Info.plist */,
				639C48F91E8E4F010073E53D /* hackatonFinal.xcdatamodeld */,
				639C48ED1E8E4F010073E53D /* Supporting Files */,
				639C490F1E8E80110073E53D /* Touch */,
			);
			path = hackatonFinal;
			sourceTree = "<group>";
		};
		639C48ED1E8E4F010073E53D /* Supporting Files */ = {
			isa = PBXGroup;
			children = (
				639C48EE1E8E4F010073E53D /* main.m */,
			);
			name = "Supporting Files";
			sourceTree = "<group>";
		};
		639C490F1E8E80110073E53D /* Touch */ = {
			isa = PBXGroup;
			children = (
				639C49071E8E7F9C0073E53D /* MyTouchModel.h */,
				639C49081E8E7F9C0073E53D /* MyTouchModel.m */,
				639C490A1E8E7FCF0073E53D /* MyTouchVC.h */,
				639C490B1E8E7FCF0073E53D /* MyTouchVC.m */,
				639C490D1E8E7FEE0073E53D /* MyTouchStoryboard.storyboard */,
			);
			name = Touch;
			sourceTree = "<group>";
		};
		639C49101E8E86410073E53D /* Frameworks */ = {
			isa = PBXGroup;
			children = (
				639C49111E8E86410073E53D /* LocalAuthentication.framework */,
			);
			name = Frameworks;
			sourceTree = "<group>";
		};
		D3890ADA1E8E97060038E7EB /* login */ = {
			isa = PBXGroup;
			children = (
				D3890AD21E8E96D50038E7EB /* login.storyboard */,
				D3F5E36F1E8EDE6100DC9C5B /* Keychain.h */,
				D3F5E3701E8EDE6100DC9C5B /* Keychain.m */,
				D3890AD41E8E96F70038E7EB /* ISLoginVC.h */,
				D3890AD51E8E96F70038E7EB /* ISLoginVC.m */,
				D3890AD61E8E96F70038E7EB /* ISRegVC.h */,
				D3890AD71E8E96F70038E7EB /* ISRegVC.m */,
				D3F5E36B1E8EC3F500DC9C5B /* KeychainWrapper.h */,
				D3F5E36C1E8EC3F500DC9C5B /* KeychainWrapper.m */,
			);
			name = login;
			sourceTree = "<group>";
		};
		F5878CE91E8F039200AA7D83 /* CollectionVC */ = {
			isa = PBXGroup;
			children = (
				F5878CEA1E8F03D400AA7D83 /* MSCollectionLayout.h */,
				F5878CEB1E8F03D400AA7D83 /* MSCollectionLayout.m */,
				F5878CEC1E8F03D400AA7D83 /* MSCollectionStoryboard.storyboard */,
				F5878CED1E8F03D400AA7D83 /* MSCollectionVC.h */,
				F5878CEE1E8F03D400AA7D83 /* MSCollectionVC.m */,
				F5878CF21E8F0A1300AA7D83 /* MSCollectionViewCell.h */,
				F5878CF31E8F0A1300AA7D83 /* MSCollectionViewCell.m */,
			);
			name = CollectionVC;
			sourceTree = "<group>";
		};
		F5878CF51E8F0E2B00AA7D83 /* WeAddImages */ = {
			isa = PBXGroup;
			children = (
				F5878CF81E8F0E8F00AA7D83 /* WeAddImagesStoryboard.storyboard */,
				F5878CF91E8F0E8F00AA7D83 /* WeAddImagesViewController.h */,
				F5878CFA1E8F0E8F00AA7D83 /* WeAddImagesViewController.m */,
			);
			name = WeAddImages;
			sourceTree = "<group>";
		};
/* End PBXGroup section */

/* Begin PBXNativeTarget section */
		639C48E91E8E4F000073E53D /* hackatonFinal */ = {
			isa = PBXNativeTarget;
			buildConfigurationList = 639C49041E8E4F010073E53D /* Build configuration list for PBXNativeTarget "hackatonFinal" */;
			buildPhases = (
				639C48E61E8E4F000073E53D /* Sources */,
				639C48E71E8E4F000073E53D /* Frameworks */,
				639C48E81E8E4F000073E53D /* Resources */,
			);
			buildRules = (
			);
			dependencies = (
			);
			name = hackatonFinal;
			productName = hackatonFinal;
			productReference = 639C48EA1E8E4F010073E53D /* hackatonFinal.app */;
			productType = "com.apple.product-type.application";
		};
/* End PBXNativeTarget section */

/* Begin PBXProject section */
		639C48E21E8E4F000073E53D /* Project object */ = {
			isa = PBXProject;
			attributes = {
				LastUpgradeCheck = 0820;
				ORGANIZATIONNAME = iosBaumanTeam;
				TargetAttributes = {
					639C48E91E8E4F000073E53D = {
						CreatedOnToolsVersion = 8.2.1;
						DevelopmentTeam = 2E7KMG8542;
						ProvisioningStyle = Automatic;
					};
				};
			};
			buildConfigurationList = 639C48E51E8E4F000073E53D /* Build configuration list for PBXProject "hackatonFinal" */;
			compatibilityVersion = "Xcode 3.2";
			developmentRegion = English;
			hasScannedForEncodings = 0;
			knownRegions = (
				en,
				Base,
			);
			mainGroup = 639C48E11E8E4F000073E53D;
			productRefGroup = 639C48EB1E8E4F010073E53D /* Products */;
			projectDirPath = "";
			projectRoot = "";
			targets = (
				639C48E91E8E4F000073E53D /* hackatonFinal */,
			);
		};
/* End PBXProject section */

/* Begin PBXResourcesBuildPhase section */
		639C48E81E8E4F000073E53D /* Resources */ = {
			isa = PBXResourcesBuildPhase;
			buildActionMask = 2147483647;
			files = (
				639C49001E8E4F010073E53D /* LaunchScreen.storyboard in Resources */,
				F5878CF01E8F03D400AA7D83 /* MSCollectionStoryboard.storyboard in Resources */,
				639C490E1E8E7FEE0073E53D /* MyTouchStoryboard.storyboard in Resources */,
				639C48FD1E8E4F010073E53D /* Assets.xcassets in Resources */,
				D3890AD31E8E96D50038E7EB /* login.storyboard in Resources */,
				639C48F81E8E4F010073E53D /* Main.storyboard in Resources */,
				F5878CFB1E8F0E8F00AA7D83 /* WeAddImagesStoryboard.storyboard in Resources */,
				18ADE4351E8E995800F983E5 /* TableStoryboard.storyboard in Resources */,
			);
			runOnlyForDeploymentPostprocessing = 0;
		};
/* End PBXResourcesBuildPhase section */

/* Begin PBXSourcesBuildPhase section */
		639C48E61E8E4F000073E53D /* Sources */ = {
			isa = PBXSourcesBuildPhase;
			buildActionMask = 2147483647;
			files = (
				639C49091E8E7F9C0073E53D /* MyTouchModel.m in Sources */,
				18DCA0781E8F2F3C003CA7B8 /* PasswdController.m in Sources */,
				D3F5E3711E8EDE6100DC9C5B /* Keychain.m in Sources */,
				F5878CEF1E8F03D400AA7D83 /* MSCollectionLayout.m in Sources */,
				18ADE43E1E8EA3D300F983E5 /* LoginController.m in Sources */,
				18AD0CFD1E8E8ACC00F8C7A4 /* Sha256.m in Sources */,
				639C48F51E8E4F010073E53D /* ViewController.m in Sources */,
				18ADE43B1E8EA18400F983E5 /* LoginCell.m in Sources */,
				18ADE4381E8E9C5E00F983E5 /* SearchCell.m in Sources */,
				F5878CFC1E8F0E8F00AA7D83 /* WeAddImagesViewController.m in Sources */,
				D3890AD81E8E96F70038E7EB /* ISLoginVC.m in Sources */,
				F5878CF41E8F0A1300AA7D83 /* MSCollectionViewCell.m in Sources */,
				639C490C1E8E7FCF0073E53D /* MyTouchVC.m in Sources */,
				F5878CF11E8F03D400AA7D83 /* MSCollectionVC.m in Sources */,
				639C48FB1E8E4F010073E53D /* hackatonFinal.xcdatamodeld in Sources */,
				D3F5E36D1E8EC3F500DC9C5B /* KeychainWrapper.m in Sources */,
				18ADE4331E8E96C300F983E5 /* LoginsModel.m in Sources */,
				639C48F21E8E4F010073E53D /* AppDelegate.m in Sources */,
				639C48EF1E8E4F010073E53D /* main.m in Sources */,
				D3890ADD1E8EA4EC0038E7EB /* ISUser.m in Sources */,
				D3890AD91E8E96F70038E7EB /* ISRegVC.m in Sources */,
			);
			runOnlyForDeploymentPostprocessing = 0;
		};
/* End PBXSourcesBuildPhase section */

/* Begin PBXVariantGroup section */
		639C48F61E8E4F010073E53D /* Main.storyboard */ = {
			isa = PBXVariantGroup;
			children = (
				639C48F71E8E4F010073E53D /* Base */,
			);
			name = Main.storyboard;
			sourceTree = "<group>";
		};
		639C48FE1E8E4F010073E53D /* LaunchScreen.storyboard */ = {
			isa = PBXVariantGroup;
			children = (
				639C48FF1E8E4F010073E53D /* Base */,
			);
			name = LaunchScreen.storyboard;
			sourceTree = "<group>";
		};
/* End PBXVariantGroup section */

/* Begin XCBuildConfiguration section */
		639C49021E8E4F010073E53D /* Debug */ = {
			isa = XCBuildConfiguration;
			buildSettings = {
				ALWAYS_SEARCH_USER_PATHS = NO;
				CLANG_ANALYZER_NONNULL = YES;
				CLANG_CXX_LANGUAGE_STANDARD = "gnu++0x";
				CLANG_CXX_LIBRARY = "libc++";
				CLANG_ENABLE_MODULES = YES;
				CLANG_ENABLE_OBJC_ARC = YES;
				CLANG_WARN_BOOL_CONVERSION = YES;
				CLANG_WARN_CONSTANT_CONVERSION = YES;
				CLANG_WARN_DIRECT_OBJC_ISA_USAGE = YES_ERROR;
				CLANG_WARN_DOCUMENTATION_COMMENTS = YES;
				CLANG_WARN_EMPTY_BODY = YES;
				CLANG_WARN_ENUM_CONVERSION = YES;
				CLANG_WARN_INFINITE_RECURSION = YES;
				CLANG_WARN_INT_CONVERSION = YES;
				CLANG_WARN_OBJC_ROOT_CLASS = YES_ERROR;
				CLANG_WARN_SUSPICIOUS_MOVE = YES;
				CLANG_WARN_UNREACHABLE_CODE = YES;
				CLANG_WARN__DUPLICATE_METHOD_MATCH = YES;
				CODE_SIGN_IDENTITY = "iPhone Developer";
				"CODE_SIGN_IDENTITY[sdk=iphoneos*]" = "iPhone Developer";
				COPY_PHASE_STRIP = NO;
				DEBUG_INFORMATION_FORMAT = dwarf;
				ENABLE_STRICT_OBJC_MSGSEND = YES;
				ENABLE_TESTABILITY = YES;
				GCC_C_LANGUAGE_STANDARD = gnu99;
				GCC_DYNAMIC_NO_PIC = NO;
				GCC_NO_COMMON_BLOCKS = YES;
				GCC_OPTIMIZATION_LEVEL = 0;
				GCC_PREPROCESSOR_DEFINITIONS = (
					"DEBUG=1",
					"$(inherited)",
				);
				GCC_WARN_64_TO_32_BIT_CONVERSION = YES;
				GCC_WARN_ABOUT_RETURN_TYPE = YES_ERROR;
				GCC_WARN_UNDECLARED_SELECTOR = YES;
				GCC_WARN_UNINITIALIZED_AUTOS = YES_AGGRESSIVE;
				GCC_WARN_UNUSED_FUNCTION = YES;
				GCC_WARN_UNUSED_VARIABLE = YES;
				IPHONEOS_DEPLOYMENT_TARGET = 10.2;
				MTL_ENABLE_DEBUG_INFO = YES;
				ONLY_ACTIVE_ARCH = YES;
				SDKROOT = iphoneos;
				TARGETED_DEVICE_FAMILY = "1,2";
			};
			name = Debug;
		};
		639C49031E8E4F010073E53D /* Release */ = {
			isa = XCBuildConfiguration;
			buildSettings = {
				ALWAYS_SEARCH_USER_PATHS = NO;
				CLANG_ANALYZER_NONNULL = YES;
				CLANG_CXX_LANGUAGE_STANDARD = "gnu++0x";
				CLANG_CXX_LIBRARY = "libc++";
				CLANG_ENABLE_MODULES = YES;
				CLANG_ENABLE_OBJC_ARC = YES;
				CLANG_WARN_BOOL_CONVERSION = YES;
				CLANG_WARN_CONSTANT_CONVERSION = YES;
				CLANG_WARN_DIRECT_OBJC_ISA_USAGE = YES_ERROR;
				CLANG_WARN_DOCUMENTATION_COMMENTS = YES;
				CLANG_WARN_EMPTY_BODY = YES;
				CLANG_WARN_ENUM_CONVERSION = YES;
				CLANG_WARN_INFINITE_RECURSION = YES;
				CLANG_WARN_INT_CONVERSION = YES;
				CLANG_WARN_OBJC_ROOT_CLASS = YES_ERROR;
				CLANG_WARN_SUSPICIOUS_MOVE = YES;
				CLANG_WARN_UNREACHABLE_CODE = YES;
				CLANG_WARN__DUPLICATE_METHOD_MATCH = YES;
				CODE_SIGN_IDENTITY = "iPhone Developer";
				"CODE_SIGN_IDENTITY[sdk=iphoneos*]" = "iPhone Developer";
				COPY_PHASE_STRIP = NO;
				DEBUG_INFORMATION_FORMAT = "dwarf-with-dsym";
				ENABLE_NS_ASSERTIONS = NO;
				ENABLE_STRICT_OBJC_MSGSEND = YES;
				GCC_C_LANGUAGE_STANDARD = gnu99;
				GCC_NO_COMMON_BLOCKS = YES;
				GCC_WARN_64_TO_32_BIT_CONVERSION = YES;
				GCC_WARN_ABOUT_RETURN_TYPE = YES_ERROR;
				GCC_WARN_UNDECLARED_SELECTOR = YES;
				GCC_WARN_UNINITIALIZED_AUTOS = YES_AGGRESSIVE;
				GCC_WARN_UNUSED_FUNCTION = YES;
				GCC_WARN_UNUSED_VARIABLE = YES;
				IPHONEOS_DEPLOYMENT_TARGET = 10.2;
				MTL_ENABLE_DEBUG_INFO = NO;
				SDKROOT = iphoneos;
				TARGETED_DEVICE_FAMILY = "1,2";
				VALIDATE_PRODUCT = YES;
			};
			name = Release;
		};
		639C49051E8E4F010073E53D /* Debug */ = {
			isa = XCBuildConfiguration;
			buildSettings = {
				ASSETCATALOG_COMPILER_APPICON_NAME = AppIcon;
				CODE_SIGN_IDENTITY = "iPhone Developer";
				"CODE_SIGN_IDENTITY[sdk=iphoneos*]" = "iPhone Developer";
				DEVELOPMENT_TEAM = 2E7KMG8542;
				INFOPLIST_FILE = hackatonFinal/Info.plist;
				LD_RUNPATH_SEARCH_PATHS = "$(inherited) @executable_path/Frameworks";
				PRODUCT_BUNDLE_IDENTIFIER = iosBaumanTeam.hackatonFinal;
				PRODUCT_NAME = "$(TARGET_NAME)";
			};
			name = Debug;
		};
		639C49061E8E4F010073E53D /* Release */ = {
			isa = XCBuildConfiguration;
			buildSettings = {
				ASSETCATALOG_COMPILER_APPICON_NAME = AppIcon;
				CODE_SIGN_IDENTITY = "iPhone Developer";
				"CODE_SIGN_IDENTITY[sdk=iphoneos*]" = "iPhone Developer";
				DEVELOPMENT_TEAM = 2E7KMG8542;
				INFOPLIST_FILE = hackatonFinal/Info.plist;
				LD_RUNPATH_SEARCH_PATHS = "$(inherited) @executable_path/Frameworks";
				PRODUCT_BUNDLE_IDENTIFIER = iosBaumanTeam.hackatonFinal;
				PRODUCT_NAME = "$(TARGET_NAME)";
			};
			name = Release;
		};
/* End XCBuildConfiguration section */

/* Begin XCConfigurationList section */
		639C48E51E8E4F000073E53D /* Build configuration list for PBXProject "hackatonFinal" */ = {
			isa = XCConfigurationList;
			buildConfigurations = (
				639C49021E8E4F010073E53D /* Debug */,
				639C49031E8E4F010073E53D /* Release */,
			);
			defaultConfigurationIsVisible = 0;
			defaultConfigurationName = Release;
		};
		639C49041E8E4F010073E53D /* Build configuration list for PBXNativeTarget "hackatonFinal" */ = {
			isa = XCConfigurationList;
			buildConfigurations = (
				639C49051E8E4F010073E53D /* Debug */,
				639C49061E8E4F010073E53D /* Release */,
			);
			defaultConfigurationIsVisible = 0;
			defaultConfigurationName = Release;
		};
/* End XCConfigurationList section */

/* Begin XCVersionGroup section */
		639C48F91E8E4F010073E53D /* hackatonFinal.xcdatamodeld */ = {
			isa = XCVersionGroup;
			children = (
				639C48FA1E8E4F010073E53D /* hackatonFinal.xcdatamodel */,
			);
			currentVersion = 639C48FA1E8E4F010073E53D /* hackatonFinal.xcdatamodel */;
			path = hackatonFinal.xcdatamodeld;
			sourceTree = "<group>";
			versionGroupType = wrapper.xcdatamodel;
		};
/* End XCVersionGroup section */
	};
	rootObject = 639C48E21E8E4F000073E53D /* Project object */;
}
